
Microsoft Visual Studio Solution File, Format Version 12.00
Project("{FAE04EC0-301F-11D3-BF4B-00C04F79EFBC}") = "PasswordHasher", "PasswordHasher\PasswordHasher.csproj", "{503EA20C-75DB-4F68-9E87-A84B21539263}"
EndProject
Project("{FAE04EC0-301F-11D3-BF4B-00C04F79EFBC}") = "Test", "Test\Test.csproj", "{6AC77587-0474-4D49-BE61-3F7E3BAC18C0}"
EndProject
Global
	GlobalSection(SolutionConfigurationPlatforms) = preSolution
		Debug|Any CPU = Debug|Any CPU
		Release|Any CPU = Release|Any CPU
	EndGlobalSection
	GlobalSection(ProjectConfigurationPlatforms) = postSolution
		{503EA20C-75DB-4F68-9E87-A84B21539263}.Debug|Any CPU.ActiveCfg = Debug|Any CPU
		{503EA20C-75DB-4F68-9E87-A84B21539263}.Debug|Any CPU.Build.0 = Debug|Any CPU
		{503EA20C-75DB-4F68-9E87-A84B21539263}.Release|Any CPU.ActiveCfg = Release|Any CPU
		{503EA20C-75DB-4F68-9E87-A84B21539263}.Release|Any CPU.Build.0 = Release|Any CPU
		{6AC77587-0474-4D49-BE61-3F7E3BAC18C0}.Debug|Any CPU.ActiveCfg = Debug|Any CPU
		{6AC77587-0474-4D49-BE61-3F7E3BAC18C0}.Debug|Any CPU.Build.0 = Debug|Any CPU
		{6AC77587-0474-4D49-BE61-3F7E3BAC18C0}.Release|Any CPU.ActiveCfg = Release|Any CPU
		{6AC77587-0474-4D49-BE61-3F7E3BAC18C0}.Release|Any CPU.Build.0 = Release|Any CPU
	EndGlobalSection
EndGlobal
